<?xml version="1.0" encoding="utf-8"?>
<Project ToolsVersion="4.0" xmlns="http://schemas.microsoft.com/developer/msbuild/2003">
  <ItemGroup>
    <Filter Include="src">
      <UniqueIdentifier>{0ecc468e-6284-4b56-8f42-0263bc671e79}</UniqueIdentifier>
    </Filter>
    <Filter Include="resource">
      <UniqueIdentifier>{3b959fc0-c2f4-4fd9-8f0d-86b3a1ebce72}</UniqueIdentifier>
    </Filter>
    <Filter Include="src\twopi">
      <UniqueIdentifier>{173128e7-b3f7-47d5-801c-5d0ec3e4a14f}</UniqueIdentifier>
    </Filter>
    <Filter Include="src\twopi\application">
      <UniqueIdentifier>{2dca195e-95dd-4d38-a91f-c978395a799d}</UniqueIdentifier>
    </Filter>
    <Filter Include="src\twopi\window">
      <UniqueIdentifier>{a6cb3271-3bb4-49a9-bb27-8fe830aac052}</UniqueIdentifier>
    </Filter>
    <Filter Include="src\twopi\core">
      <UniqueIdentifier>{1814cbad-e84f-4437-968d-2bf3c19a06c8}</UniqueIdentifier>
    </Filter>
    <Filter Include="src\twopi\shader">
      <UniqueIdentifier>{a6f72518-8c6a-4ad1-832e-bb8abc525609}</UniqueIdentifier>
    </Filter>
    <Filter Include="src\twopi\window\event">
      <UniqueIdentifier>{8cac3e7a-958a-42ce-a994-14604d7e2bab}</UniqueIdentifier>
    </Filter>
    <Filter Include="src\twopi\scene">
      <UniqueIdentifier>{cdfe40e8-d125-4d13-b6e7-7e2f07d7139d}</UniqueIdentifier>
    </Filter>
    <Filter Include="src\twopi\geometry">
      <UniqueIdentifier>{facba208-12bb-4fd8-a890-635b06856462}</UniqueIdentifier>
    </Filter>
    <Filter Include="git">
      <UniqueIdentifier>{bea589a4-9ffb-45ca-b63d-b1e23f85ba9b}</UniqueIdentifier>
    </Filter>
    <Filter Include="src\twopi\vkw">
      <UniqueIdentifier>{f3630560-1d96-417c-8125-5a025cbe51ef}</UniqueIdentifier>
    </Filter>
    <Filter Include="src\twopi\vke">
      <UniqueIdentifier>{50166774-ce63-402c-a2ae-f51da0669074}</UniqueIdentifier>
    </Filter>
    <Filter Include="src\twopi\shader\core">
      <UniqueIdentifier>{21c829b7-d3bb-4a17-a072-5b74db291bff}</UniqueIdentifier>
    </Filter>
    <Filter Include="src\twopi\vkl">
      <UniqueIdentifier>{78fdcec4-4671-4ba8-b8d0-8715b213e823}</UniqueIdentifier>
    </Filter>
    <Filter Include="src\twopi\scene\geometry">
      <UniqueIdentifier>{0f767773-0d0e-4a24-af31-8bf14afadff3}</UniqueIdentifier>
    </Filter>
    <Filter Include="src\twopi\vkl\primitive">
      <UniqueIdentifier>{afb9ef15-0832-43a2-bb4a-c14760dc5a50}</UniqueIdentifier>
    </Filter>
  </ItemGroup>
  <ItemGroup>
    <ClCompile Include="..\..\src\twopi\main.cc">
      <Filter>src</Filter>
    </ClCompile>
    <ClCompile Include="..\..\src\twopi\application\application.cc">
      <Filter>src\twopi\application</Filter>
    </ClCompile>
    <ClCompile Include="..\..\src\twopi\window\window.cc">
      <Filter>src\twopi\window</Filter>
    </ClCompile>
    <ClCompile Include="..\..\src\twopi\window\win32_window.cc">
      <Filter>src\twopi\window</Filter>
    </ClCompile>
    <ClCompile Include="..\..\src\twopi\window\glfw_window.cc">
      <Filter>src\twopi\window</Filter>
    </ClCompile>
    <ClCompile Include="..\..\src\twopi\window\event\keyboard_event.cc">
      <Filter>src\twopi\window\event</Filter>
    </ClCompile>
    <ClCompile Include="..\..\src\twopi\window\event\mouse_button_event.cc">
      <Filter>src\twopi\window\event</Filter>
    </ClCompile>
    <ClCompile Include="..\..\src\twopi\window\event\event.cc">
      <Filter>src\twopi\window\event</Filter>
    </ClCompile>
    <ClCompile Include="..\..\src\twopi\scene\camera.cc">
      <Filter>src\twopi\scene</Filter>
    </ClCompile>
    <ClCompile Include="..\..\src\twopi\scene\camera_control.cc">
      <Filter>src\twopi\scene</Filter>
    </ClCompile>
    <ClCompile Include="..\..\src\twopi\window\event\mouse_move_event.cc">
      <Filter>src\twopi\window\event</Filter>
    </ClCompile>
    <ClCompile Include="..\..\src\twopi\window\event\mouse_wheel_event.cc">
      <Filter>src\twopi\window\event</Filter>
    </ClCompile>
    <ClCompile Include="..\..\src\twopi\scene\camera_orbit_control.cc">
      <Filter>src\twopi\scene</Filter>
    </ClCompile>
    <ClCompile Include="..\..\src\twopi\scene\scene.cc">
      <Filter>src\twopi\scene</Filter>
    </ClCompile>
    <ClCompile Include="..\..\src\twopi\scene\scene_node.cc">
      <Filter>src\twopi\scene</Filter>
    </ClCompile>
    <ClCompile Include="..\..\src\twopi\scene\color_material.cc">
      <Filter>src\twopi\scene</Filter>
    </ClCompile>
    <ClCompile Include="..\..\src\twopi\scene\material.cc">
      <Filter>src\twopi\scene</Filter>
    </ClCompile>
    <ClCompile Include="..\..\src\twopi\geometry\mesh.cc">
      <Filter>src\twopi\geometry</Filter>
    </ClCompile>
    <ClCompile Include="..\..\src\twopi\geometry\mesh_loader.cc">
      <Filter>src\twopi\geometry</Filter>
    </ClCompile>
    <ClCompile Include="..\..\src\twopi\geometry\image.cc">
      <Filter>src\twopi\geometry</Filter>
    </ClCompile>
    <ClCompile Include="..\..\src\twopi\geometry\image_loader.cc">
      <Filter>src\twopi\geometry</Filter>
    </ClCompile>
    <ClCompile Include="..\..\src\twopi\window\event\resize_event.cc">
      <Filter>src\twopi\window\event</Filter>
    </ClCompile>
    <ClCompile Include="..\..\src\twopi\scene\vr_camera.cc">
      <Filter>src\twopi\scene</Filter>
    </ClCompile>
    <ClCompile Include="..\..\src\twopi\scene\light.cc">
      <Filter>src\twopi\scene</Filter>
    </ClCompile>
    <ClCompile Include="..\..\src\twopi\vkw\vkw_buffer.cc">
      <Filter>src\twopi\vkw</Filter>
    </ClCompile>
    <ClCompile Include="..\..\src\twopi\vkw\vkw_command_buffer.cc">
      <Filter>src\twopi\vkw</Filter>
    </ClCompile>
    <ClCompile Include="..\..\src\twopi\vkw\vkw_command_pool.cc">
      <Filter>src\twopi\vkw</Filter>
    </ClCompile>
    <ClCompile Include="..\..\src\twopi\vkw\vkw_descriptor_pool.cc">
      <Filter>src\twopi\vkw</Filter>
    </ClCompile>
    <ClCompile Include="..\..\src\twopi\vkw\vkw_descriptor_set.cc">
      <Filter>src\twopi\vkw</Filter>
    </ClCompile>
    <ClCompile Include="..\..\src\twopi\vkw\vkw_descriptor_set_layout.cc">
      <Filter>src\twopi\vkw</Filter>
    </ClCompile>
    <ClCompile Include="..\..\src\twopi\vkw\vkw_device.cc">
      <Filter>src\twopi\vkw</Filter>
    </ClCompile>
    <ClCompile Include="..\..\src\twopi\vkw\vkw_device_memory.cc">
      <Filter>src\twopi\vkw</Filter>
    </ClCompile>
    <ClCompile Include="..\..\src\twopi\vkw\vkw_fence.cc">
      <Filter>src\twopi\vkw</Filter>
    </ClCompile>
    <ClCompile Include="..\..\src\twopi\vkw\vkw_framebuffer.cc">
      <Filter>src\twopi\vkw</Filter>
    </ClCompile>
    <ClCompile Include="..\..\src\twopi\vkw\vkw_graphics_pipeline.cc">
      <Filter>src\twopi\vkw</Filter>
    </ClCompile>
    <ClCompile Include="..\..\src\twopi\vkw\vkw_image.cc">
      <Filter>src\twopi\vkw</Filter>
    </ClCompile>
    <ClCompile Include="..\..\src\twopi\vkw\vkw_image_view.cc">
      <Filter>src\twopi\vkw</Filter>
    </ClCompile>
    <ClCompile Include="..\..\src\twopi\vkw\vkw_instance.cc">
      <Filter>src\twopi\vkw</Filter>
    </ClCompile>
    <ClCompile Include="..\..\src\twopi\vkw\vkw_physical_device.cc">
      <Filter>src\twopi\vkw</Filter>
    </ClCompile>
    <ClCompile Include="..\..\src\twopi\vkw\vkw_pipeline_layout.cc">
      <Filter>src\twopi\vkw</Filter>
    </ClCompile>
    <ClCompile Include="..\..\src\twopi\vkw\vkw_queue.cc">
      <Filter>src\twopi\vkw</Filter>
    </ClCompile>
    <ClCompile Include="..\..\src\twopi\vkw\vkw_render_pass.cc">
      <Filter>src\twopi\vkw</Filter>
    </ClCompile>
    <ClCompile Include="..\..\src\twopi\vkw\vkw_sampler.cc">
      <Filter>src\twopi\vkw</Filter>
    </ClCompile>
    <ClCompile Include="..\..\src\twopi\vkw\vkw_semaphore.cc">
      <Filter>src\twopi\vkw</Filter>
    </ClCompile>
    <ClCompile Include="..\..\src\twopi\vkw\vkw_shader_module.cc">
      <Filter>src\twopi\vkw</Filter>
    </ClCompile>
    <ClCompile Include="..\..\src\twopi\vkw\vkw_surface.cc">
      <Filter>src\twopi\vkw</Filter>
    </ClCompile>
    <ClCompile Include="..\..\src\twopi\vkw\vkw_swapchain.cc">
      <Filter>src\twopi\vkw</Filter>
    </ClCompile>
    <ClCompile Include="..\..\src\twopi\vke\vke_engine.cc">
      <Filter>src\twopi\vke</Filter>
    </ClCompile>
    <ClCompile Include="..\..\src\twopi\vkw\vkw_pipeline_cache.cc">
      <Filter>src\twopi\vkw</Filter>
    </ClCompile>
    <ClCompile Include="..\..\src\twopi\vke\vke_buffer.cc">
      <Filter>src\twopi\vke</Filter>
    </ClCompile>
    <ClCompile Include="..\..\src\twopi\vke\vke_image.cc">
      <Filter>src\twopi\vke</Filter>
    </ClCompile>
    <ClCompile Include="..\..\src\twopi\vke\vke_memory_manager.cc">
      <Filter>src\twopi\vke</Filter>
    </ClCompile>
    <ClCompile Include="..\..\src\twopi\vke\vke_memory.cc">
      <Filter>src\twopi\vke</Filter>
    </ClCompile>
    <ClCompile Include="..\..\src\twopi\vkl\vkl_engine.cc">
      <Filter>src\twopi\vkl</Filter>
    </ClCompile>
    <ClCompile Include="..\..\src\twopi\vkl\vkl_memory_manager.cc">
      <Filter>src\twopi\vkl</Filter>
    </ClCompile>
    <ClCompile Include="..\..\src\twopi\vkl\vkl_context.cc">
      <Filter>src\twopi\vkl</Filter>
    </ClCompile>
    <ClCompile Include="..\..\src\twopi\vkl\vkl_rendertarget.cc">
      <Filter>src\twopi\vkl</Filter>
    </ClCompile>
    <ClCompile Include="..\..\src\twopi\vkl\vkl_object.cc">
      <Filter>src\twopi\vkl</Filter>
    </ClCompile>
    <ClCompile Include="..\..\src\twopi\vkl\vkl_swapchain.cc">
      <Filter>src\twopi\vkl</Filter>
    </ClCompile>
    <ClCompile Include="..\..\src\twopi\vkl\vkl_uniform_buffer.cc">
      <Filter>src\twopi\vkl</Filter>
    </ClCompile>
    <ClCompile Include="..\..\src\twopi\vkl\vkl_vertex_buffer.cc">
      <Filter>src\twopi\vkl</Filter>
    </ClCompile>
    <ClCompile Include="..\..\src\twopi\scene\geometry\geometry.cc">
      <Filter>src\twopi\scene\geometry</Filter>
    </ClCompile>
    <ClCompile Include="..\..\src\twopi\scene\geometry\patch_geometry.cc">
      <Filter>src\twopi\scene\geometry</Filter>
    </ClCompile>
    <ClCompile Include="..\..\src\twopi\vkl\primitive\vkl_floor.cc">
      <Filter>src\twopi\vkl\primitive</Filter>
    </ClCompile>
    <ClCompile Include="..\..\src\twopi\vkl\primitive\vkl_sphere.cc">
      <Filter>src\twopi\vkl\primitive</Filter>
    </ClCompile>
    <ClCompile Include="..\..\src\twopi\vkl\primitive\vkl_surface.cc">
      <Filter>src\twopi\vkl\primitive</Filter>
    </ClCompile>
  </ItemGroup>
  <ItemGroup>
    <ClInclude Include="..\..\src\twopi\application\application.h">
      <Filter>src\twopi\application</Filter>
    </ClInclude>
    <ClInclude Include="..\..\src\twopi\window\win32_window.h">
      <Filter>src\twopi\window</Filter>
    </ClInclude>
    <ClInclude Include="..\..\src\twopi\window\window.h">
      <Filter>src\twopi\window</Filter>
    </ClInclude>
    <ClInclude Include="..\..\src\twopi\window\glfw_window.h">
      <Filter>src\twopi\window</Filter>
    </ClInclude>
    <ClInclude Include="..\..\src\twopi\core\error.h">
      <Filter>src\twopi\core</Filter>
    </ClInclude>
    <ClInclude Include="..\..\src\twopi\window\event\keyboard_event.h">
      <Filter>src\twopi\window\event</Filter>
    </ClInclude>
    <ClInclude Include="..\..\src\twopi\window\event\mouse_button_event.h">
      <Filter>src\twopi\window\event</Filter>
    </ClInclude>
    <ClInclude Include="..\..\src\twopi\window\event\types.h">
      <Filter>src\twopi\window\event</Filter>
    </ClInclude>
    <ClInclude Include="..\..\src\twopi\window\event\event.h">
      <Filter>src\twopi\window\event</Filter>
    </ClInclude>
    <ClInclude Include="..\..\src\twopi\scene\camera.h">
      <Filter>src\twopi\scene</Filter>
    </ClInclude>
    <ClInclude Include="..\..\src\twopi\scene\camera_control.h">
      <Filter>src\twopi\scene</Filter>
    </ClInclude>
    <ClInclude Include="..\..\src\twopi\window\event\mouse_move_event.h">
      <Filter>src\twopi\window\event</Filter>
    </ClInclude>
    <ClInclude Include="..\..\src\twopi\window\event\mouse_wheel_event.h">
      <Filter>src\twopi\window\event</Filter>
    </ClInclude>
    <ClInclude Include="..\..\src\twopi\scene\camera_orbit_control.h">
      <Filter>src\twopi\scene</Filter>
    </ClInclude>
    <ClInclude Include="..\..\src\twopi\scene\scene.h">
      <Filter>src\twopi\scene</Filter>
    </ClInclude>
    <ClInclude Include="..\..\src\twopi\scene\scene_node.h">
      <Filter>src\twopi\scene</Filter>
    </ClInclude>
    <ClInclude Include="..\..\src\twopi\scene\color_material.h">
      <Filter>src\twopi\scene</Filter>
    </ClInclude>
    <ClInclude Include="..\..\src\twopi\scene\material.h">
      <Filter>src\twopi\scene</Filter>
    </ClInclude>
    <ClInclude Include="..\..\src\twopi\geometry\mesh_loader.h">
      <Filter>src\twopi\geometry</Filter>
    </ClInclude>
    <ClInclude Include="..\..\src\twopi\geometry\mesh.h">
      <Filter>src\twopi\geometry</Filter>
    </ClInclude>
    <ClInclude Include="..\..\src\twopi\geometry\image.h">
      <Filter>src\twopi\geometry</Filter>
    </ClInclude>
    <ClInclude Include="..\..\src\twopi\geometry\image_loader.h">
      <Filter>src\twopi\geometry</Filter>
    </ClInclude>
    <ClInclude Include="..\..\src\twopi\core\timestamp.h">
      <Filter>src\twopi\core</Filter>
    </ClInclude>
    <ClInclude Include="..\..\src\twopi\window\event\resize_event.h">
      <Filter>src\twopi\window\event</Filter>
    </ClInclude>
    <ClInclude Include="..\..\src\twopi\scene\vr_camera.h">
      <Filter>src\twopi\scene</Filter>
    </ClInclude>
    <ClInclude Include="..\..\src\twopi\scene\light.h">
      <Filter>src\twopi\scene</Filter>
    </ClInclude>
    <ClInclude Include="..\..\src\twopi\vkw\vkw_buffer.h">
      <Filter>src\twopi\vkw</Filter>
    </ClInclude>
    <ClInclude Include="..\..\src\twopi\vkw\vkw_command_buffer.h">
      <Filter>src\twopi\vkw</Filter>
    </ClInclude>
    <ClInclude Include="..\..\src\twopi\vkw\vkw_command_pool.h">
      <Filter>src\twopi\vkw</Filter>
    </ClInclude>
    <ClInclude Include="..\..\src\twopi\vkw\vkw_descriptor_pool.h">
      <Filter>src\twopi\vkw</Filter>
    </ClInclude>
    <ClInclude Include="..\..\src\twopi\vkw\vkw_descriptor_set.h">
      <Filter>src\twopi\vkw</Filter>
    </ClInclude>
    <ClInclude Include="..\..\src\twopi\vkw\vkw_descriptor_set_layout.h">
      <Filter>src\twopi\vkw</Filter>
    </ClInclude>
    <ClInclude Include="..\..\src\twopi\vkw\vkw_device.h">
      <Filter>src\twopi\vkw</Filter>
    </ClInclude>
    <ClInclude Include="..\..\src\twopi\vkw\vkw_device_memory.h">
      <Filter>src\twopi\vkw</Filter>
    </ClInclude>
    <ClInclude Include="..\..\src\twopi\vkw\vkw_fence.h">
      <Filter>src\twopi\vkw</Filter>
    </ClInclude>
    <ClInclude Include="..\..\src\twopi\vkw\vkw_framebuffer.h">
      <Filter>src\twopi\vkw</Filter>
    </ClInclude>
    <ClInclude Include="..\..\src\twopi\vkw\vkw_graphics_pipeline.h">
      <Filter>src\twopi\vkw</Filter>
    </ClInclude>
    <ClInclude Include="..\..\src\twopi\vkw\vkw_image.h">
      <Filter>src\twopi\vkw</Filter>
    </ClInclude>
    <ClInclude Include="..\..\src\twopi\vkw\vkw_image_view.h">
      <Filter>src\twopi\vkw</Filter>
    </ClInclude>
    <ClInclude Include="..\..\src\twopi\vkw\vkw_instance.h">
      <Filter>src\twopi\vkw</Filter>
    </ClInclude>
    <ClInclude Include="..\..\src\twopi\vkw\vkw_physical_device.h">
      <Filter>src\twopi\vkw</Filter>
    </ClInclude>
    <ClInclude Include="..\..\src\twopi\vkw\vkw_pipeline_layout.h">
      <Filter>src\twopi\vkw</Filter>
    </ClInclude>
    <ClInclude Include="..\..\src\twopi\vkw\vkw_queue.h">
      <Filter>src\twopi\vkw</Filter>
    </ClInclude>
    <ClInclude Include="..\..\src\twopi\vkw\vkw_render_pass.h">
      <Filter>src\twopi\vkw</Filter>
    </ClInclude>
    <ClInclude Include="..\..\src\twopi\vkw\vkw_sampler.h">
      <Filter>src\twopi\vkw</Filter>
    </ClInclude>
    <ClInclude Include="..\..\src\twopi\vkw\vkw_semaphore.h">
      <Filter>src\twopi\vkw</Filter>
    </ClInclude>
    <ClInclude Include="..\..\src\twopi\vkw\vkw_shader_module.h">
      <Filter>src\twopi\vkw</Filter>
    </ClInclude>
    <ClInclude Include="..\..\src\twopi\vkw\vkw_surface.h">
      <Filter>src\twopi\vkw</Filter>
    </ClInclude>
    <ClInclude Include="..\..\src\twopi\vkw\vkw_swapchain.h">
      <Filter>src\twopi\vkw</Filter>
    </ClInclude>
    <ClInclude Include="..\..\src\twopi\vke\vke_engine.h">
      <Filter>src\twopi\vke</Filter>
    </ClInclude>
    <ClInclude Include="..\..\src\twopi\vkw\vkw_pipeline_cache.h">
      <Filter>src\twopi\vkw</Filter>
    </ClInclude>
    <ClInclude Include="..\..\src\twopi\vke\vke_buffer.h">
      <Filter>src\twopi\vke</Filter>
    </ClInclude>
    <ClInclude Include="..\..\src\twopi\vke\vke_image.h">
      <Filter>src\twopi\vke</Filter>
    </ClInclude>
    <ClInclude Include="..\..\src\twopi\vke\vke_memory_manager.h">
      <Filter>src\twopi\vke</Filter>
    </ClInclude>
    <ClInclude Include="..\..\src\twopi\vke\vke_memory.h">
      <Filter>src\twopi\vke</Filter>
    </ClInclude>
    <ClInclude Include="..\..\src\twopi\shader\core\light.h">
      <Filter>src\twopi\shader\core</Filter>
    </ClInclude>
    <ClInclude Include="..\..\src\twopi\vkl\vkl_engine.h">
      <Filter>src\twopi\vkl</Filter>
    </ClInclude>
    <ClInclude Include="..\..\src\twopi\vkl\vkl_memory_manager.h">
      <Filter>src\twopi\vkl</Filter>
    </ClInclude>
    <ClInclude Include="..\..\src\twopi\vkl\vkl_context.h">
      <Filter>src\twopi\vkl</Filter>
    </ClInclude>
    <ClInclude Include="..\..\src\twopi\vkl\vkl_rendertarget.h">
      <Filter>src\twopi\vkl</Filter>
    </ClInclude>
    <ClInclude Include="..\..\src\twopi\vkl\vkl_object.h">
      <Filter>src\twopi\vkl</Filter>
    </ClInclude>
    <ClInclude Include="..\..\src\twopi\vkl\vkl_memory.h">
      <Filter>src\twopi\vkl</Filter>
    </ClInclude>
    <ClInclude Include="..\..\src\twopi\vkl\vkl_swapchain.h">
      <Filter>src\twopi\vkl</Filter>
    </ClInclude>
    <ClInclude Include="..\..\src\twopi\vkl\vkl_uniform_buffer.h">
      <Filter>src\twopi\vkl</Filter>
    </ClInclude>
    <ClInclude Include="..\..\src\twopi\vkl\vkl_vertex_buffer.h">
      <Filter>src\twopi\vkl</Filter>
    </ClInclude>
    <ClInclude Include="..\..\src\twopi\scene\geometry\geometry.h">
      <Filter>src\twopi\scene\geometry</Filter>
    </ClInclude>
    <ClInclude Include="..\..\src\twopi\scene\geometry\patch_geometry.h">
      <Filter>src\twopi\scene\geometry</Filter>
    </ClInclude>
    <ClInclude Include="..\..\src\twopi\vkl\primitive\vkl_floor.h">
      <Filter>src\twopi\vkl\primitive</Filter>
    </ClInclude>
    <ClInclude Include="..\..\src\twopi\vkl\primitive\vkl_sphere.h">
      <Filter>src\twopi\vkl\primitive</Filter>
    </ClInclude>
    <ClInclude Include="..\..\src\twopi\vkl\primitive\vkl_surface.h">
      <Filter>src\twopi\vkl\primitive</Filter>
    </ClInclude>
  </ItemGroup>
  <ItemGroup>
    <None Include="..\..\.gitignore">
      <Filter>git</Filter>
    </None>
    <None Include="..\..\README.md">
      <Filter>git</Filter>
    </None>
    <None Include="..\..\src\twopi\shader\.gitignore">
      <Filter>src\twopi\shader</Filter>
    </None>
    <None Include="..\..\src\twopi\shader\compile.py">
      <Filter>src\twopi\shader</Filter>
    </None>
    <None Include="..\..\src\twopi\shader\light_floor.frag">
      <Filter>src\twopi\shader</Filter>
    </None>
    <None Include="..\..\src\twopi\shader\light_floor.vert">
      <Filter>src\twopi\shader</Filter>
    </None>
    <None Include="..\..\src\twopi\shader\light_color.frag">
      <Filter>src\twopi\shader</Filter>
    </None>
    <None Include="..\..\src\twopi\shader\light_color.vert">
      <Filter>src\twopi\shader</Filter>
    </None>
    <None Include="..\..\src\twopi\shader\surface.frag">
      <Filter>src\twopi\shader</Filter>
    </None>
    <None Include="..\..\src\twopi\shader\surface.tesc">
      <Filter>src\twopi\shader</Filter>
    </None>
    <None Include="..\..\src\twopi\shader\surface.tese">
      <Filter>src\twopi\shader</Filter>
    </None>
    <None Include="..\..\src\twopi\shader\surface.vert">
      <Filter>src\twopi\shader</Filter>
    </None>
  </ItemGroup>
</Project>