<?xml version="1.0" encoding="utf-8"?>
<Project ToolsVersion="4.0" xmlns="http://schemas.microsoft.com/developer/msbuild/2003">
  <ItemGroup>
    <Filter Include="src">
      <UniqueIdentifier>{0ecc468e-6284-4b56-8f42-0263bc671e79}</UniqueIdentifier>
    </Filter>
    <Filter Include="resource">
      <UniqueIdentifier>{3b959fc0-c2f4-4fd9-8f0d-86b3a1ebce72}</UniqueIdentifier>
    </Filter>
    <Filter Include="src\twopi">
      <UniqueIdentifier>{173128e7-b3f7-47d5-801c-5d0ec3e4a14f}</UniqueIdentifier>
    </Filter>
    <Filter Include="src\twopi\application">
      <UniqueIdentifier>{2dca195e-95dd-4d38-a91f-c978395a799d}</UniqueIdentifier>
    </Filter>
    <Filter Include="src\twopi\window">
      <UniqueIdentifier>{a6cb3271-3bb4-49a9-bb27-8fe830aac052}</UniqueIdentifier>
    </Filter>
    <Filter Include="src\twopi\core">
      <UniqueIdentifier>{1814cbad-e84f-4437-968d-2bf3c19a06c8}</UniqueIdentifier>
    </Filter>
    <Filter Include="src\twopi\gl">
      <UniqueIdentifier>{f89f58ff-c9ff-4950-a4ff-7563227df70e}</UniqueIdentifier>
    </Filter>
    <Filter Include="lib">
      <UniqueIdentifier>{349a0d4c-fdd3-43f6-9a11-6e7a52f4928c}</UniqueIdentifier>
    </Filter>
    <Filter Include="lib\glad">
      <UniqueIdentifier>{df455c95-ee7b-452c-afe9-097f21280d67}</UniqueIdentifier>
    </Filter>
    <Filter Include="src\twopi\shader">
      <UniqueIdentifier>{a6f72518-8c6a-4ad1-832e-bb8abc525609}</UniqueIdentifier>
    </Filter>
    <Filter Include="src\twopi\window\event">
      <UniqueIdentifier>{8cac3e7a-958a-42ce-a994-14604d7e2bab}</UniqueIdentifier>
    </Filter>
    <Filter Include="src\twopi\scene">
      <UniqueIdentifier>{cdfe40e8-d125-4d13-b6e7-7e2f07d7139d}</UniqueIdentifier>
    </Filter>
    <Filter Include="src\twopi\geometry">
      <UniqueIdentifier>{facba208-12bb-4fd8-a890-635b06856462}</UniqueIdentifier>
    </Filter>
    <Filter Include="src\twopi\physics">
      <UniqueIdentifier>{889bb3e5-65c6-465e-9820-9f61eeaa905b}</UniqueIdentifier>
    </Filter>
    <Filter Include="src\twopi\physics\cloth">
      <UniqueIdentifier>{85569ac3-32e8-4903-8033-a73f0b5e32a9}</UniqueIdentifier>
    </Filter>
  </ItemGroup>
  <ItemGroup>
    <ClCompile Include="..\..\src\twopi\main.cc">
      <Filter>src</Filter>
    </ClCompile>
    <ClCompile Include="..\..\src\twopi\application\application.cc">
      <Filter>src\twopi\application</Filter>
    </ClCompile>
    <ClCompile Include="..\..\src\twopi\window\window.cc">
      <Filter>src\twopi\window</Filter>
    </ClCompile>
    <ClCompile Include="..\..\src\twopi\window\win32_window.cc">
      <Filter>src\twopi\window</Filter>
    </ClCompile>
    <ClCompile Include="..\..\src\twopi\window\glfw_window.cc">
      <Filter>src\twopi\window</Filter>
    </ClCompile>
    <ClCompile Include="..\..\src\twopi\gl\gl_engine.cc">
      <Filter>src\twopi\gl</Filter>
    </ClCompile>
    <ClCompile Include="..\..\lib\glad.c">
      <Filter>lib\glad</Filter>
    </ClCompile>
    <ClCompile Include="..\..\src\twopi\gl\gl_shader.cc">
      <Filter>src\twopi\gl</Filter>
    </ClCompile>
    <ClCompile Include="..\..\src\twopi\gl\gl_geometry.cc">
      <Filter>src\twopi\gl</Filter>
    </ClCompile>
    <ClCompile Include="..\..\src\twopi\window\event\keyboard_event.cc">
      <Filter>src\twopi\window\event</Filter>
    </ClCompile>
    <ClCompile Include="..\..\src\twopi\window\event\mouse_button_event.cc">
      <Filter>src\twopi\window\event</Filter>
    </ClCompile>
    <ClCompile Include="..\..\src\twopi\window\event\event.cc">
      <Filter>src\twopi\window\event</Filter>
    </ClCompile>
    <ClCompile Include="..\..\src\twopi\scene\camera.cc">
      <Filter>src\twopi\scene</Filter>
    </ClCompile>
    <ClCompile Include="..\..\src\twopi\scene\camera_control.cc">
      <Filter>src\twopi\scene</Filter>
    </ClCompile>
    <ClCompile Include="..\..\src\twopi\window\event\mouse_move_event.cc">
      <Filter>src\twopi\window\event</Filter>
    </ClCompile>
    <ClCompile Include="..\..\src\twopi\window\event\mouse_wheel_event.cc">
      <Filter>src\twopi\window\event</Filter>
    </ClCompile>
    <ClCompile Include="..\..\src\twopi\scene\camera_orbit_control.cc">
      <Filter>src\twopi\scene</Filter>
    </ClCompile>
    <ClCompile Include="..\..\src\twopi\scene\scene.cc">
      <Filter>src\twopi\scene</Filter>
    </ClCompile>
    <ClCompile Include="..\..\src\twopi\scene\scene_node.cc">
      <Filter>src\twopi\scene</Filter>
    </ClCompile>
    <ClCompile Include="..\..\src\twopi\scene\color_material.cc">
      <Filter>src\twopi\scene</Filter>
    </ClCompile>
    <ClCompile Include="..\..\src\twopi\scene\material.cc">
      <Filter>src\twopi\scene</Filter>
    </ClCompile>
    <ClCompile Include="..\..\src\twopi\geometry\mesh.cc">
      <Filter>src\twopi\geometry</Filter>
    </ClCompile>
    <ClCompile Include="..\..\src\twopi\geometry\mesh_loader.cc">
      <Filter>src\twopi\geometry</Filter>
    </ClCompile>
    <ClCompile Include="..\..\src\twopi\gl\gl_texture.cc">
      <Filter>src\twopi\gl</Filter>
    </ClCompile>
    <ClCompile Include="..\..\src\twopi\geometry\image.cc">
      <Filter>src\twopi\geometry</Filter>
    </ClCompile>
    <ClCompile Include="..\..\src\twopi\geometry\image_loader.cc">
      <Filter>src\twopi\geometry</Filter>
    </ClCompile>
    <ClCompile Include="..\..\src\twopi\gl\gl_framebuffer.cc">
      <Filter>src\twopi\gl</Filter>
    </ClCompile>
    <ClCompile Include="..\..\src\twopi\gl\gl_renderbuffer.cc">
      <Filter>src\twopi\gl</Filter>
    </ClCompile>
    <ClCompile Include="..\..\src\twopi\window\event\resize_event.cc">
      <Filter>src\twopi\window\event</Filter>
    </ClCompile>
    <ClCompile Include="..\..\src\twopi\scene\vr_camera.cc">
      <Filter>src\twopi\scene</Filter>
    </ClCompile>
    <ClCompile Include="..\..\src\twopi\physics\physics_engine.cc">
      <Filter>src\twopi\physics</Filter>
    </ClCompile>
    <ClCompile Include="..\..\src\twopi\physics\cloth\mesh_cloth.cc">
      <Filter>src\twopi\physics\cloth</Filter>
    </ClCompile>
    <ClCompile Include="..\..\src\twopi\scene\light.cc">
      <Filter>src\twopi\scene</Filter>
    </ClCompile>
  </ItemGroup>
  <ItemGroup>
    <ClInclude Include="..\..\src\twopi\application\application.h">
      <Filter>src\twopi\application</Filter>
    </ClInclude>
    <ClInclude Include="..\..\src\twopi\window\win32_window.h">
      <Filter>src\twopi\window</Filter>
    </ClInclude>
    <ClInclude Include="..\..\src\twopi\window\window.h">
      <Filter>src\twopi\window</Filter>
    </ClInclude>
    <ClInclude Include="..\..\src\twopi\window\glfw_window.h">
      <Filter>src\twopi\window</Filter>
    </ClInclude>
    <ClInclude Include="..\..\src\twopi\core\error.h">
      <Filter>src\twopi\core</Filter>
    </ClInclude>
    <ClInclude Include="..\..\src\twopi\gl\gl_engine.h">
      <Filter>src\twopi\gl</Filter>
    </ClInclude>
    <ClInclude Include="..\..\src\twopi\gl\gl_shader.h">
      <Filter>src\twopi\gl</Filter>
    </ClInclude>
    <ClInclude Include="..\..\src\twopi\gl\gl_geometry.h">
      <Filter>src\twopi\gl</Filter>
    </ClInclude>
    <ClInclude Include="..\..\src\twopi\window\event\keyboard_event.h">
      <Filter>src\twopi\window\event</Filter>
    </ClInclude>
    <ClInclude Include="..\..\src\twopi\window\event\mouse_button_event.h">
      <Filter>src\twopi\window\event</Filter>
    </ClInclude>
    <ClInclude Include="..\..\src\twopi\window\event\types.h">
      <Filter>src\twopi\window\event</Filter>
    </ClInclude>
    <ClInclude Include="..\..\src\twopi\window\event\event.h">
      <Filter>src\twopi\window\event</Filter>
    </ClInclude>
    <ClInclude Include="..\..\src\twopi\scene\camera.h">
      <Filter>src\twopi\scene</Filter>
    </ClInclude>
    <ClInclude Include="..\..\src\twopi\scene\camera_control.h">
      <Filter>src\twopi\scene</Filter>
    </ClInclude>
    <ClInclude Include="..\..\src\twopi\window\event\mouse_move_event.h">
      <Filter>src\twopi\window\event</Filter>
    </ClInclude>
    <ClInclude Include="..\..\src\twopi\window\event\mouse_wheel_event.h">
      <Filter>src\twopi\window\event</Filter>
    </ClInclude>
    <ClInclude Include="..\..\src\twopi\scene\camera_orbit_control.h">
      <Filter>src\twopi\scene</Filter>
    </ClInclude>
    <ClInclude Include="..\..\src\twopi\scene\scene.h">
      <Filter>src\twopi\scene</Filter>
    </ClInclude>
    <ClInclude Include="..\..\src\twopi\scene\scene_node.h">
      <Filter>src\twopi\scene</Filter>
    </ClInclude>
    <ClInclude Include="..\..\src\twopi\scene\color_material.h">
      <Filter>src\twopi\scene</Filter>
    </ClInclude>
    <ClInclude Include="..\..\src\twopi\scene\material.h">
      <Filter>src\twopi\scene</Filter>
    </ClInclude>
    <ClInclude Include="..\..\src\twopi\geometry\mesh_loader.h">
      <Filter>src\twopi\geometry</Filter>
    </ClInclude>
    <ClInclude Include="..\..\src\twopi\geometry\mesh.h">
      <Filter>src\twopi\geometry</Filter>
    </ClInclude>
    <ClInclude Include="..\..\src\twopi\gl\gl_texture.h">
      <Filter>src\twopi\gl</Filter>
    </ClInclude>
    <ClInclude Include="..\..\src\twopi\geometry\image.h">
      <Filter>src\twopi\geometry</Filter>
    </ClInclude>
    <ClInclude Include="..\..\src\twopi\geometry\image_loader.h">
      <Filter>src\twopi\geometry</Filter>
    </ClInclude>
    <ClInclude Include="..\..\src\twopi\core\timestamp.h">
      <Filter>src\twopi\core</Filter>
    </ClInclude>
    <ClInclude Include="..\..\src\twopi\gl\gl_framebuffer.h">
      <Filter>src\twopi\gl</Filter>
    </ClInclude>
    <ClInclude Include="..\..\src\twopi\gl\gl_renderbuffer.h">
      <Filter>src\twopi\gl</Filter>
    </ClInclude>
    <ClInclude Include="..\..\src\twopi\window\event\resize_event.h">
      <Filter>src\twopi\window\event</Filter>
    </ClInclude>
    <ClInclude Include="..\..\src\twopi\scene\vr_camera.h">
      <Filter>src\twopi\scene</Filter>
    </ClInclude>
    <ClInclude Include="..\..\src\twopi\physics\physics_engine.h">
      <Filter>src\twopi\physics</Filter>
    </ClInclude>
    <ClInclude Include="..\..\src\twopi\physics\cloth\mesh_cloth.h">
      <Filter>src\twopi\physics\cloth</Filter>
    </ClInclude>
    <ClInclude Include="..\..\src\twopi\scene\light.h">
      <Filter>src\twopi\scene</Filter>
    </ClInclude>
  </ItemGroup>
  <ItemGroup>
    <None Include="..\..\src\twopi\shader\mesh.frag">
      <Filter>src\twopi\shader</Filter>
    </None>
    <None Include="..\..\src\twopi\shader\mesh.vert">
      <Filter>src\twopi\shader</Filter>
    </None>
    <None Include="..\..\src\twopi\shader\screen.frag">
      <Filter>src\twopi\shader</Filter>
    </None>
    <None Include="..\..\src\twopi\shader\screen.vert">
      <Filter>src\twopi\shader</Filter>
    </None>
    <None Include="..\..\src\twopi\shader\vr_screen.frag">
      <Filter>src\twopi\shader</Filter>
    </None>
    <None Include="..\..\src\twopi\shader\vr_screen.vert">
      <Filter>src\twopi\shader</Filter>
    </None>
  </ItemGroup>
</Project>